
Microsoft Visual Studio Solution File, Format Version 12.00
# Visual Studio Version 17
VisualStudioVersion = 17.0.31903.59
MinimumVisualStudioVersion = 10.0.40219.1
Project("{2150E333-8FDC-42A3-9474-1A3956D46DE8}") = "Apps", "Apps", "{B5D30510-6FAE-40D6-BFE7-981CF3350BBB}"
EndProject
Project("{2150E333-8FDC-42A3-9474-1A3956D46DE8}") = "Modules", "Modules", "{F43BA8BD-6DAC-42BE-941D-62197880EBCC}"
EndProject
Project("{FAE04EC0-301F-11D3-BF4B-00C04F79EFBC}") = "IAS.Gateway", "IAS.Gateway\IAS.Gateway.csproj", "{66007BF0-9DD0-4C47-8AB0-A24AC44CC486}"
EndProject
Project("{FAE04EC0-301F-11D3-BF4B-00C04F79EFBC}") = "IAS.Core", "IAS.Core\IAS.Core.csproj", "{91F7D05C-AEE6-49A7-B458-43959C191BFA}"
EndProject
Global
	GlobalSection(SolutionConfigurationPlatforms) = preSolution
		Debug|Any CPU = Debug|Any CPU
		Release|Any CPU = Release|Any CPU
	EndGlobalSection
	GlobalSection(SolutionProperties) = preSolution
		HideSolutionNode = FALSE
	EndGlobalSection
	GlobalSection(NestedProjects) = preSolution
		{66007BF0-9DD0-4C47-8AB0-A24AC44CC486} = {B5D30510-6FAE-40D6-BFE7-981CF3350BBB}
		{91F7D05C-AEE6-49A7-B458-43959C191BFA} = {B5D30510-6FAE-40D6-BFE7-981CF3350BBB}
	EndGlobalSection
	GlobalSection(ProjectConfigurationPlatforms) = postSolution
		{66007BF0-9DD0-4C47-8AB0-A24AC44CC486}.Debug|Any CPU.ActiveCfg = Debug|Any CPU
		{66007BF0-9DD0-4C47-8AB0-A24AC44CC486}.Debug|Any CPU.Build.0 = Debug|Any CPU
		{66007BF0-9DD0-4C47-8AB0-A24AC44CC486}.Release|Any CPU.ActiveCfg = Release|Any CPU
		{66007BF0-9DD0-4C47-8AB0-A24AC44CC486}.Release|Any CPU.Build.0 = Release|Any CPU
		{91F7D05C-AEE6-49A7-B458-43959C191BFA}.Debug|Any CPU.ActiveCfg = Debug|Any CPU
		{91F7D05C-AEE6-49A7-B458-43959C191BFA}.Debug|Any CPU.Build.0 = Debug|Any CPU
		{91F7D05C-AEE6-49A7-B458-43959C191BFA}.Release|Any CPU.ActiveCfg = Release|Any CPU
		{91F7D05C-AEE6-49A7-B458-43959C191BFA}.Release|Any CPU.Build.0 = Release|Any CPU
	EndGlobalSection
EndGlobal
